{
  "name": "phonehome",
  "lockfileVersion": 2,
  "requires": true,
  "packages": {
    "": {
      "dependencies": {
        "frappe-charts": "^1.6.2",
        "svelte-frappe-charts": "^1.9.1"
      }
    },
    "node_modules/frappe-charts": {
      "version": "1.6.2",
      "resolved": "https://registry.npmjs.org/frappe-charts/-/frappe-charts-1.6.2.tgz",
      "integrity": "sha512-9TC3/+YVUi84yYoEbxFiSqu+1FQ5If/ydUNj6i8FRpwynd08t6a7RkS+IRJozAk6NfdL8/LVTTE1DUOjjKZZxg=="
    },
    "node_modules/svelte": {
      "version": "3.46.3",
      "resolved": "https://registry.npmjs.org/svelte/-/svelte-3.46.3.tgz",
      "integrity": "sha512-mTOXvv74CVQqJHqoIZDprVfRKVVmYNadXP0VKnOEA54223kLGCr1nMrifS4Zx29qMt/xRB38Eq1D7dDH/fM8fQ==",
      "engines": {
        "node": ">= 8"
      }
    },
    "node_modules/svelte-frappe-charts": {
      "version": "1.9.1",
      "resolved": "https://registry.npmjs.org/svelte-frappe-charts/-/svelte-frappe-charts-1.9.1.tgz",
      "integrity": "sha512-cp2Sv+EXxdH5nIJ9I6ant9XP73Sc8CGXLzb0h8vpV0viH+zCCE+CEmo/cOiWL4JWNZrxRJ5UBdDGVk5nnORyKA==",
      "dependencies": {
        "frappe-charts": "^1.6.2",
        "svelte": "^3.44.0"
      },
      "peerDependencies": {
        "svelte": "^3.0.0"
      }
    }
  },
  "dependencies": {
    "frappe-charts": {
      "version": "1.6.2",
      "resolved": "https://registry.npmjs.org/frappe-charts/-/frappe-charts-1.6.2.tgz",
      "integrity": "sha512-9TC3/+YVUi84yYoEbxFiSqu+1FQ5If/ydUNj6i8FRpwynd08t6a7RkS+IRJozAk6NfdL8/LVTTE1DUOjjKZZxg=="
    },
    "svelte": {
      "version": "3.46.3",
      "resolved": "https://registry.npmjs.org/svelte/-/svelte-3.46.3.tgz",
      "integrity": "sha512-mTOXvv74CVQqJHqoIZDprVfRKVVmYNadXP0VKnOEA54223kLGCr1nMrifS4Zx29qMt/xRB38Eq1D7dDH/fM8fQ=="
    },
    "svelte-frappe-charts": {
      "version": "1.9.1",
      "resolved": "https://registry.npmjs.org/svelte-frappe-charts/-/svelte-frappe-charts-1.9.1.tgz",
      "integrity": "sha512-cp2Sv+EXxdH5nIJ9I6ant9XP73Sc8CGXLzb0h8vpV0viH+zCCE+CEmo/cOiWL4JWNZrxRJ5UBdDGVk5nnORyKA==",
      "requires": {
        "frappe-charts": "^1.6.2",
        "svelte": "^3.44.0"
      }
    }
  }
}
